
Microsoft Visual Studio Solution File, Format Version 12.00
# Visual Studio 2013
VisualStudioVersion = 12.0.30110.0
MinimumVisualStudioVersion = 10.0.40219.1
Project("{FAE04EC0-301F-11D3-BF4B-00C04F79EFBC}") = "SimpleFactory", "SimpleFactory\SimpleFactory.csproj", "{245F67B8-4EA9-4BD9-9C66-B7FDC74836FA}"
EndProject
Project("{FAE04EC0-301F-11D3-BF4B-00C04F79EFBC}") = "AbstractFactory", "AbstractFactory\AbstractFactory.csproj", "{07492CA4-F9D7-4237-ABB7-18A62E308289}"
EndProject
Project("{2150E333-8FDC-42A3-9474-1A3956D46DE8}") = "01.Creational Patterns(创建型模式)", "01.Creational Patterns(创建型模式)", "{10FB6DD2-DC99-4487-991E-1362F7678002}"
EndProject
Project("{FAE04EC0-301F-11D3-BF4B-00C04F79EFBC}") = "Builder", "Builder\Builder.csproj", "{50298F40-7FDA-494B-920E-A7DFBA6F79B8}"
EndProject
Project("{FAE04EC0-301F-11D3-BF4B-00C04F79EFBC}") = "FactoryMethod", "FactoryMethod\FactoryMethod.csproj", "{2B386C86-DF5C-4CE5-9550-6ABC412571D1}"
EndProject
Project("{FAE04EC0-301F-11D3-BF4B-00C04F79EFBC}") = "Prototype", "Prototype\Prototype.csproj", "{6E49EF98-4906-4E70-A4CF-5CAC60B0CEC4}"
EndProject
Project("{FAE04EC0-301F-11D3-BF4B-00C04F79EFBC}") = "Singleton", "Singleton\Singleton.csproj", "{515D14B0-ABC5-4B2D-AC5C-1EF8A50E957C}"
EndProject
Project("{2150E333-8FDC-42A3-9474-1A3956D46DE8}") = "02.Structural Patterns(结构型模式)", "02.Structural Patterns(结构型模式)", "{D150644F-B139-4BD4-83DE-310D17EFB38F}"
EndProject
Project("{FAE04EC0-301F-11D3-BF4B-00C04F79EFBC}") = "Adapter", "Adapter\Adapter.csproj", "{E5A60430-8C94-414B-94E5-A410D93A4C47}"
EndProject
Project("{FAE04EC0-301F-11D3-BF4B-00C04F79EFBC}") = "Bridge", "Bridge\Bridge.csproj", "{53C95ECD-2EB1-42FE-9EA8-30E916EDB28D}"
EndProject
Project("{FAE04EC0-301F-11D3-BF4B-00C04F79EFBC}") = "Composite", "Composite\Composite.csproj", "{18DF6977-5C9B-4D3E-84C5-A62A1FED15B8}"
EndProject
Project("{FAE04EC0-301F-11D3-BF4B-00C04F79EFBC}") = "Decorator", "Decorator\Decorator.csproj", "{1B949C7F-F503-4A9B-90E1-720FB98B8B06}"
EndProject
Project("{FAE04EC0-301F-11D3-BF4B-00C04F79EFBC}") = "Facade", "Facade\Facade.csproj", "{C423A19A-8795-4AF8-8410-B46AE7A0F2E6}"
EndProject
Project("{FAE04EC0-301F-11D3-BF4B-00C04F79EFBC}") = "Flyweight", "Flyweight\Flyweight.csproj", "{53FC8398-9CE8-408B-9713-BDB9BB928318}"
EndProject
Project("{FAE04EC0-301F-11D3-BF4B-00C04F79EFBC}") = "Proxy", "Proxy\Proxy.csproj", "{57B54D64-C082-47C8-B5F7-0D522426AE88}"
EndProject
Project("{2150E333-8FDC-42A3-9474-1A3956D46DE8}") = "03.Behavioral Patterns(行为型模式)", "03.Behavioral Patterns(行为型模式)", "{34B83A6F-0747-4312-961F-C716AF48BE8F}"
EndProject
Project("{FAE04EC0-301F-11D3-BF4B-00C04F79EFBC}") = "ChainOfResponsibility", "ChainOfResponsibility\ChainOfResponsibility.csproj", "{A401FE32-A9DB-407D-B7E4-0B2FF5CDD91E}"
EndProject
Project("{FAE04EC0-301F-11D3-BF4B-00C04F79EFBC}") = "Command", "Command\Command.csproj", "{713BA3A8-435E-499D-B8E1-99F065822F4D}"
EndProject
Project("{FAE04EC0-301F-11D3-BF4B-00C04F79EFBC}") = "Interpreter", "Interpreter\Interpreter.csproj", "{CD329A4A-6E61-4212-9046-19E105DDBD26}"
EndProject
Project("{FAE04EC0-301F-11D3-BF4B-00C04F79EFBC}") = "Iterator", "Iterator\Iterator.csproj", "{E8C74E20-D2C5-4F37-86F0-FAD07D4EC57A}"
EndProject
Project("{FAE04EC0-301F-11D3-BF4B-00C04F79EFBC}") = "Mediator", "Mediator\Mediator.csproj", "{BA2986DE-68C1-480A-A387-3F6F76D233B2}"
EndProject
Project("{FAE04EC0-301F-11D3-BF4B-00C04F79EFBC}") = "Memento", "Memento\Memento.csproj", "{2293CFFD-6544-49DB-80CA-22698D4690AD}"
EndProject
Project("{FAE04EC0-301F-11D3-BF4B-00C04F79EFBC}") = "Observer", "Observer\Observer.csproj", "{DA5C4060-47AB-46CA-A7A9-DC94E489FEA9}"
EndProject
Project("{FAE04EC0-301F-11D3-BF4B-00C04F79EFBC}") = "State", "State\State.csproj", "{CB0FA427-CD57-436D-91FD-B0B34CA8C1B8}"
EndProject
Project("{FAE04EC0-301F-11D3-BF4B-00C04F79EFBC}") = "Strategy", "Strategy\Strategy.csproj", "{B9EEB62B-5396-4B02-BC4B-D790000EB504}"
EndProject
Project("{FAE04EC0-301F-11D3-BF4B-00C04F79EFBC}") = "TemplateMethod", "TemplateMethod\TemplateMethod.csproj", "{ED90F81B-3936-4AA2-A95D-A94AD664CC75}"
EndProject
Project("{FAE04EC0-301F-11D3-BF4B-00C04F79EFBC}") = "Visitor", "Visitor\Visitor.csproj", "{20422089-1416-431F-8559-72183872BC00}"
EndProject
Project("{2150E333-8FDC-42A3-9474-1A3956D46DE8}") = "00-Simple Factory(简单工厂模式)-中", "00-Simple Factory(简单工厂模式)-中", "{5CE7AFBF-9D8B-4A03-9275-5922A3D40D72}"
EndProject
Project("{2150E333-8FDC-42A3-9474-1A3956D46DE8}") = "02-Abstract Factory(抽象工厂模式)-高", "02-Abstract Factory(抽象工厂模式)-高", "{C86A75B2-B66E-4CC0-8FE8-E6BA3C0E6E41}"
EndProject
Project("{2150E333-8FDC-42A3-9474-1A3956D46DE8}") = "05-Builder(建造者模式)-中低", "05-Builder(建造者模式)-中低", "{E8FF8537-8C4A-495B-9D99-754A380F5BB6}"
EndProject
Project("{2150E333-8FDC-42A3-9474-1A3956D46DE8}") = "01-Factory Method(工厂方法模型)-高", "01-Factory Method(工厂方法模型)-高", "{36826B8E-FC1A-45AA-94A1-21B5ED2E0891}"
EndProject
Project("{2150E333-8FDC-42A3-9474-1A3956D46DE8}") = "04-Prototype(原型模式)-中", "04-Prototype(原型模式)-中", "{EE20CCD7-CA40-4579-B77C-D199D8ADE658}"
EndProject
Project("{2150E333-8FDC-42A3-9474-1A3956D46DE8}") = "03-Singleton(单例模式)-中高", "03-Singleton(单例模式)-中高", "{59E6FB1E-6FC9-42D6-9DD2-2384095C34E0}"
EndProject
Project("{2150E333-8FDC-42A3-9474-1A3956D46DE8}") = "06-Adapter(适配器模式)-中高", "06-Adapter(适配器模式)-中高", "{A2D0A9E5-C217-4F80-A1C2-B0688C76F919}"
EndProject
Project("{2150E333-8FDC-42A3-9474-1A3956D46DE8}") = "07-Bridge(桥接模式)-中", "07-Bridge(桥接模式)-中", "{2FE7A488-DCB7-4164-8870-195A9DD4A3D0}"
EndProject
Project("{2150E333-8FDC-42A3-9474-1A3956D46DE8}") = "08-Composite(组合模式)-中高", "08-Composite(组合模式)-中高", "{781CDD50-2272-4533-BE92-030B0EC79157}"
EndProject
Project("{2150E333-8FDC-42A3-9474-1A3956D46DE8}") = "09-Decorator(装饰模式)-中", "09-Decorator(装饰模式)-中", "{21B88FC0-5CB7-4E68-9F52-C19D5A2CCDB1}"
EndProject
Project("{2150E333-8FDC-42A3-9474-1A3956D46DE8}") = "10-Facade(外观模式)-高", "10-Facade(外观模式)-高", "{41ADB3B1-E04F-4303-AC89-D1246BA6D0D8}"
EndProject
Project("{2150E333-8FDC-42A3-9474-1A3956D46DE8}") = "11-Flyweight(享元模式)-低", "11-Flyweight(享元模式)-低", "{14EA27C0-5DB9-45CF-AA29-6D52B567EDB9}"
EndProject
Project("{2150E333-8FDC-42A3-9474-1A3956D46DE8}") = "12-Proxy(代理模式)-中高", "12-Proxy(代理模式)-中高", "{D5FCEB14-BFEA-4CB8-B43F-A3745268D4CC}"
EndProject
Project("{2150E333-8FDC-42A3-9474-1A3956D46DE8}") = "13-Chain of Responsibility(职责链模式)-中低", "13-Chain of Responsibility(职责链模式)-中低", "{752EA3DA-4902-4571-8305-367DA3385593}"
EndProject
Project("{2150E333-8FDC-42A3-9474-1A3956D46DE8}") = "14-Command(命令模式)-中高", "14-Command(命令模式)-中高", "{C89ED85B-DD9A-4B76-B1EC-A5341650D3FC}"
EndProject
Project("{2150E333-8FDC-42A3-9474-1A3956D46DE8}") = "15-Interpreter(解释器模式)-低", "15-Interpreter(解释器模式)-低", "{BAA17998-C4A7-4BF7-93A8-F99A4DBA5CA5}"
EndProject
Project("{2150E333-8FDC-42A3-9474-1A3956D46DE8}") = "16-Iterator(迭代器模式)-高", "16-Iterator(迭代器模式)-高", "{3C8A603B-876A-46F0-9747-5654DA57D334}"
EndProject
Project("{2150E333-8FDC-42A3-9474-1A3956D46DE8}") = "17-Mediator(中介者模式)-中低", "17-Mediator(中介者模式)-中低", "{E01F4C62-8612-4119-9B42-8B0FF427A35B}"
EndProject
Project("{2150E333-8FDC-42A3-9474-1A3956D46DE8}") = "18-Memento(备忘录模式)-中低", "18-Memento(备忘录模式)-中低", "{752DA96F-20B5-4735-820F-8E8AD66C3910}"
EndProject
Project("{2150E333-8FDC-42A3-9474-1A3956D46DE8}") = "19-Observer(观察者模式)-高", "19-Observer(观察者模式)-高", "{EDF13FD8-E748-47A7-A150-AB3683926E43}"
EndProject
Project("{2150E333-8FDC-42A3-9474-1A3956D46DE8}") = "20-State(状态模式)-中", "20-State(状态模式)-中", "{826ECD4D-1031-46B2-BA41-8C0B063B80F0}"
EndProject
Project("{2150E333-8FDC-42A3-9474-1A3956D46DE8}") = "21-Strategy(策略模式)-中高", "21-Strategy(策略模式)-中高", "{FBDB9601-2DBF-4995-ADAB-FB5C0A2668D3}"
EndProject
Project("{2150E333-8FDC-42A3-9474-1A3956D46DE8}") = "22-Template Method(模板方法模式)-中", "22-Template Method(模板方法模式)-中", "{B158406C-C458-47A6-B705-86809DA51FC8}"
EndProject
Project("{2150E333-8FDC-42A3-9474-1A3956D46DE8}") = "23-Visitor(访问者模式)-低", "23-Visitor(访问者模式)-低", "{589266C4-258C-4C77-9C91-B83C4285A970}"
EndProject
Project("{2150E333-8FDC-42A3-9474-1A3956D46DE8}") = "00.Design Discipline(设计原则)", "00.Design Discipline(设计原则)", "{A1B7B123-927E-4A4C-B09A-2308F5AA4467}"
	ProjectSection(SolutionItems) = preProject
		0.Document.txt = 0.Document.txt
		1.单一职责原则（Single Responsibility Principle）.txt = 1.单一职责原则（Single Responsibility Principle）.txt
		2.开闭原则（Open Close Principle）.txt = 2.开闭原则（Open Close Principle）.txt
		3.里氏替换原则（Liskov Substitution Principle）.txt = 3.里氏替换原则（Liskov Substitution Principle）.txt
		4.接口隔离原则（Interface Segregation Principle）.txt = 4.接口隔离原则（Interface Segregation Principle）.txt
		5.依赖倒置原则（Dependence Inversion Principle）.txt = 5.依赖倒置原则（Dependence Inversion Principle）.txt
		6.迪米特法则（Low Of Demeter）.txt = 6.迪米特法则（Low Of Demeter）.txt
	EndProjectSection
EndProject
Project("{F088123C-0E9E-452A-89E6-6BA2F21D5CAC}") = "SimpleFactoryModelingProject", "SimpleFactoryModelingProject\SimpleFactoryModelingProject.modelproj", "{02EEFD15-B7EA-450E-AA93-BD4C0D173D5C}"
EndProject
Project("{F088123C-0E9E-452A-89E6-6BA2F21D5CAC}") = "FactoryMethodModelingProject", "FactoryMethodModelingProject\FactoryMethodModelingProject.modelproj", "{433AB821-BD85-4846-9DF0-376515C60CF4}"
EndProject
Project("{F088123C-0E9E-452A-89E6-6BA2F21D5CAC}") = "AbstractFactoryModelingProject", "AbstractFactoryModelingProject\AbstractFactoryModelingProject.modelproj", "{632E9FB7-8D53-4130-BEE3-409B3C7084E7}"
EndProject
Project("{F088123C-0E9E-452A-89E6-6BA2F21D5CAC}") = "SingletonModelingProject", "SingletonModelingProject\SingletonModelingProject.modelproj", "{5B069211-65AC-4010-868F-A10CB32C82B2}"
EndProject
Project("{F088123C-0E9E-452A-89E6-6BA2F21D5CAC}") = "PrototypeModelingProject", "PrototypeModelingProject\PrototypeModelingProject.modelproj", "{0890FA91-0162-43F1-B5D0-2C023EED1AB9}"
EndProject
Project("{F088123C-0E9E-452A-89E6-6BA2F21D5CAC}") = "BuilderModelingProject", "BuilderModelingProject\BuilderModelingProject.modelproj", "{F8B96946-9DFD-4A7F-807E-5FB6D2BB25DA}"
EndProject
Project("{F088123C-0E9E-452A-89E6-6BA2F21D5CAC}") = "AdapterModelingProject", "AdapterModelingProject\AdapterModelingProject.modelproj", "{9DB081F8-C765-45BB-BD84-0F3E9B93AEC6}"
EndProject
Project("{F088123C-0E9E-452A-89E6-6BA2F21D5CAC}") = "BridgeModelingProject", "BridgeModelingProject\BridgeModelingProject.modelproj", "{AC569965-31C1-4888-8585-12E378FB896F}"
EndProject
Project("{F088123C-0E9E-452A-89E6-6BA2F21D5CAC}") = "CompositeModelingProject", "CompositeModelingProject\CompositeModelingProject.modelproj", "{1765FF35-86CD-43F8-83F2-FECD78009EA8}"
EndProject
Project("{F088123C-0E9E-452A-89E6-6BA2F21D5CAC}") = "DecoratorModelingProject", "DecoratorModelingProject\DecoratorModelingProject.modelproj", "{D1957DE0-2C21-4F74-A0FF-A5371B275740}"
EndProject
Project("{F088123C-0E9E-452A-89E6-6BA2F21D5CAC}") = "FacadeModelingProject", "FacadeModelingProject\FacadeModelingProject.modelproj", "{634016EC-07AE-4683-807A-693128A6E983}"
EndProject
Project("{F088123C-0E9E-452A-89E6-6BA2F21D5CAC}") = "ProxyModelingProject", "ProxyModelingProject\ProxyModelingProject.modelproj", "{CC463B75-7D20-43E3-876C-F545B4991096}"
EndProject
Project("{F088123C-0E9E-452A-89E6-6BA2F21D5CAC}") = "ChainOfResponsibilityModelingProject", "ChainOfResponsibilityModelingProject\ChainOfResponsibilityModelingProject.modelproj", "{6D4E8FE4-9A97-45D1-9B7A-F9D1346D7BA1}"
EndProject
Project("{F088123C-0E9E-452A-89E6-6BA2F21D5CAC}") = "CommandModelingProject", "CommandModelingProject\CommandModelingProject.modelproj", "{F92A4566-5D4D-43CF-8448-44B179AED354}"
EndProject
Project("{F088123C-0E9E-452A-89E6-6BA2F21D5CAC}") = "IteratorModelingProject", "IteratorModelingProject\IteratorModelingProject.modelproj", "{E9A6443C-60A9-442C-974A-2F06402BDA8B}"
EndProject
Project("{F088123C-0E9E-452A-89E6-6BA2F21D5CAC}") = "MediatorModelingProject", "MediatorModelingProject\MediatorModelingProject.modelproj", "{0952ABC4-ED2B-48D0-A15F-6D9A2961C392}"
EndProject
Project("{F088123C-0E9E-452A-89E6-6BA2F21D5CAC}") = "MementoModelingProject", "MementoModelingProject\MementoModelingProject.modelproj", "{0EF5E0F4-55F5-4538-B80D-9DDD73DD44E2}"
EndProject
Project("{F088123C-0E9E-452A-89E6-6BA2F21D5CAC}") = "ObserverModelingProject", "ObserverModelingProject\ObserverModelingProject.modelproj", "{DDD89152-6225-4B23-A7C0-D5FAA5B14393}"
EndProject
Project("{F088123C-0E9E-452A-89E6-6BA2F21D5CAC}") = "StateModelingProject", "StateModelingProject\StateModelingProject.modelproj", "{B0A62572-B598-46F6-97DA-9F847167C908}"
EndProject
Project("{F088123C-0E9E-452A-89E6-6BA2F21D5CAC}") = "StrategyModelingProject", "StrategyModelingProject\StrategyModelingProject.modelproj", "{73035F8D-8B1F-4D67-A922-7F1C95D719E4}"
EndProject
Project("{F088123C-0E9E-452A-89E6-6BA2F21D5CAC}") = "TemplateMethodModelingProject", "TemplateMethodModelingProject\TemplateMethodModelingProject.modelproj", "{6F65FD8B-848D-4E82-A1A0-9866156C1E69}"
EndProject
Project("{F088123C-0E9E-452A-89E6-6BA2F21D5CAC}") = "VisitorModelingProject", "VisitorModelingProject\VisitorModelingProject.modelproj", "{70D1D737-5C46-42A0-A316-A49AD8D952A4}"
EndProject
Project("{2150E333-8FDC-42A3-9474-1A3956D46DE8}") = "04.Data Access Patterns(数据访问模式)", "04.Data Access Patterns(数据访问模式)", "{A04AC01B-0EB8-4C17-9E4E-E672FD793FC7}"
EndProject
Project("{2150E333-8FDC-42A3-9474-1A3956D46DE8}") = "Identity Map(标识映射模式)", "Identity Map(标识映射模式)", "{9380B61D-A30A-4128-9E08-FE51D14F39D0}"
EndProject
Project("{FAE04EC0-301F-11D3-BF4B-00C04F79EFBC}") = "DataAccessPatterns.IdentityMapPattern.Model", "DataAccessPatterns.IdentityMapPattern.Model\DataAccessPatterns.IdentityMapPattern.Model.csproj", "{FBDF58EB-7CAD-4209-85C2-53EBEA45B3C0}"
EndProject
Project("{FAE04EC0-301F-11D3-BF4B-00C04F79EFBC}") = "DataAccessPatterns.IdentityMapPattern.Repository", "DataAccessPatterns.IdentityMapPattern.Repository\DataAccessPatterns.IdentityMapPattern.Repository.csproj", "{C128D0A1-C741-487F-93D4-237849ECF726}"
EndProject
Global
	GlobalSection(SolutionConfigurationPlatforms) = preSolution
		Debug|Any CPU = Debug|Any CPU
		Release|Any CPU = Release|Any CPU
	EndGlobalSection
	GlobalSection(ProjectConfigurationPlatforms) = postSolution
		{245F67B8-4EA9-4BD9-9C66-B7FDC74836FA}.Debug|Any CPU.ActiveCfg = Debug|Any CPU
		{245F67B8-4EA9-4BD9-9C66-B7FDC74836FA}.Debug|Any CPU.Build.0 = Debug|Any CPU
		{245F67B8-4EA9-4BD9-9C66-B7FDC74836FA}.Release|Any CPU.ActiveCfg = Release|Any CPU
		{245F67B8-4EA9-4BD9-9C66-B7FDC74836FA}.Release|Any CPU.Build.0 = Release|Any CPU
		{07492CA4-F9D7-4237-ABB7-18A62E308289}.Debug|Any CPU.ActiveCfg = Debug|Any CPU
		{07492CA4-F9D7-4237-ABB7-18A62E308289}.Debug|Any CPU.Build.0 = Debug|Any CPU
		{07492CA4-F9D7-4237-ABB7-18A62E308289}.Release|Any CPU.ActiveCfg = Release|Any CPU
		{07492CA4-F9D7-4237-ABB7-18A62E308289}.Release|Any CPU.Build.0 = Release|Any CPU
		{50298F40-7FDA-494B-920E-A7DFBA6F79B8}.Debug|Any CPU.ActiveCfg = Debug|Any CPU
		{50298F40-7FDA-494B-920E-A7DFBA6F79B8}.Debug|Any CPU.Build.0 = Debug|Any CPU
		{50298F40-7FDA-494B-920E-A7DFBA6F79B8}.Release|Any CPU.ActiveCfg = Release|Any CPU
		{50298F40-7FDA-494B-920E-A7DFBA6F79B8}.Release|Any CPU.Build.0 = Release|Any CPU
		{2B386C86-DF5C-4CE5-9550-6ABC412571D1}.Debug|Any CPU.ActiveCfg = Debug|Any CPU
		{2B386C86-DF5C-4CE5-9550-6ABC412571D1}.Debug|Any CPU.Build.0 = Debug|Any CPU
		{2B386C86-DF5C-4CE5-9550-6ABC412571D1}.Release|Any CPU.ActiveCfg = Release|Any CPU
		{2B386C86-DF5C-4CE5-9550-6ABC412571D1}.Release|Any CPU.Build.0 = Release|Any CPU
		{6E49EF98-4906-4E70-A4CF-5CAC60B0CEC4}.Debug|Any CPU.ActiveCfg = Debug|Any CPU
		{6E49EF98-4906-4E70-A4CF-5CAC60B0CEC4}.Debug|Any CPU.Build.0 = Debug|Any CPU
		{6E49EF98-4906-4E70-A4CF-5CAC60B0CEC4}.Release|Any CPU.ActiveCfg = Release|Any CPU
		{6E49EF98-4906-4E70-A4CF-5CAC60B0CEC4}.Release|Any CPU.Build.0 = Release|Any CPU
		{515D14B0-ABC5-4B2D-AC5C-1EF8A50E957C}.Debug|Any CPU.ActiveCfg = Debug|Any CPU
		{515D14B0-ABC5-4B2D-AC5C-1EF8A50E957C}.Debug|Any CPU.Build.0 = Debug|Any CPU
		{515D14B0-ABC5-4B2D-AC5C-1EF8A50E957C}.Release|Any CPU.ActiveCfg = Release|Any CPU
		{515D14B0-ABC5-4B2D-AC5C-1EF8A50E957C}.Release|Any CPU.Build.0 = Release|Any CPU
		{E5A60430-8C94-414B-94E5-A410D93A4C47}.Debug|Any CPU.ActiveCfg = Debug|Any CPU
		{E5A60430-8C94-414B-94E5-A410D93A4C47}.Debug|Any CPU.Build.0 = Debug|Any CPU
		{E5A60430-8C94-414B-94E5-A410D93A4C47}.Release|Any CPU.ActiveCfg = Release|Any CPU
		{E5A60430-8C94-414B-94E5-A410D93A4C47}.Release|Any CPU.Build.0 = Release|Any CPU
		{53C95ECD-2EB1-42FE-9EA8-30E916EDB28D}.Debug|Any CPU.ActiveCfg = Debug|Any CPU
		{53C95ECD-2EB1-42FE-9EA8-30E916EDB28D}.Debug|Any CPU.Build.0 = Debug|Any CPU
		{53C95ECD-2EB1-42FE-9EA8-30E916EDB28D}.Release|Any CPU.ActiveCfg = Release|Any CPU
		{53C95ECD-2EB1-42FE-9EA8-30E916EDB28D}.Release|Any CPU.Build.0 = Release|Any CPU
		{18DF6977-5C9B-4D3E-84C5-A62A1FED15B8}.Debug|Any CPU.ActiveCfg = Debug|Any CPU
		{18DF6977-5C9B-4D3E-84C5-A62A1FED15B8}.Debug|Any CPU.Build.0 = Debug|Any CPU
		{18DF6977-5C9B-4D3E-84C5-A62A1FED15B8}.Release|Any CPU.ActiveCfg = Release|Any CPU
		{18DF6977-5C9B-4D3E-84C5-A62A1FED15B8}.Release|Any CPU.Build.0 = Release|Any CPU
		{1B949C7F-F503-4A9B-90E1-720FB98B8B06}.Debug|Any CPU.ActiveCfg = Debug|Any CPU
		{1B949C7F-F503-4A9B-90E1-720FB98B8B06}.Debug|Any CPU.Build.0 = Debug|Any CPU
		{1B949C7F-F503-4A9B-90E1-720FB98B8B06}.Release|Any CPU.ActiveCfg = Release|Any CPU
		{1B949C7F-F503-4A9B-90E1-720FB98B8B06}.Release|Any CPU.Build.0 = Release|Any CPU
		{C423A19A-8795-4AF8-8410-B46AE7A0F2E6}.Debug|Any CPU.ActiveCfg = Debug|Any CPU
		{C423A19A-8795-4AF8-8410-B46AE7A0F2E6}.Debug|Any CPU.Build.0 = Debug|Any CPU
		{C423A19A-8795-4AF8-8410-B46AE7A0F2E6}.Release|Any CPU.ActiveCfg = Release|Any CPU
		{C423A19A-8795-4AF8-8410-B46AE7A0F2E6}.Release|Any CPU.Build.0 = Release|Any CPU
		{53FC8398-9CE8-408B-9713-BDB9BB928318}.Debug|Any CPU.ActiveCfg = Debug|Any CPU
		{53FC8398-9CE8-408B-9713-BDB9BB928318}.Debug|Any CPU.Build.0 = Debug|Any CPU
		{53FC8398-9CE8-408B-9713-BDB9BB928318}.Release|Any CPU.ActiveCfg = Release|Any CPU
		{53FC8398-9CE8-408B-9713-BDB9BB928318}.Release|Any CPU.Build.0 = Release|Any CPU
		{57B54D64-C082-47C8-B5F7-0D522426AE88}.Debug|Any CPU.ActiveCfg = Debug|Any CPU
		{57B54D64-C082-47C8-B5F7-0D522426AE88}.Debug|Any CPU.Build.0 = Debug|Any CPU
		{57B54D64-C082-47C8-B5F7-0D522426AE88}.Release|Any CPU.ActiveCfg = Release|Any CPU
		{57B54D64-C082-47C8-B5F7-0D522426AE88}.Release|Any CPU.Build.0 = Release|Any CPU
		{A401FE32-A9DB-407D-B7E4-0B2FF5CDD91E}.Debug|Any CPU.ActiveCfg = Debug|Any CPU
		{A401FE32-A9DB-407D-B7E4-0B2FF5CDD91E}.Debug|Any CPU.Build.0 = Debug|Any CPU
		{A401FE32-A9DB-407D-B7E4-0B2FF5CDD91E}.Release|Any CPU.ActiveCfg = Release|Any CPU
		{A401FE32-A9DB-407D-B7E4-0B2FF5CDD91E}.Release|Any CPU.Build.0 = Release|Any CPU
		{713BA3A8-435E-499D-B8E1-99F065822F4D}.Debug|Any CPU.ActiveCfg = Debug|Any CPU
		{713BA3A8-435E-499D-B8E1-99F065822F4D}.Debug|Any CPU.Build.0 = Debug|Any CPU
		{713BA3A8-435E-499D-B8E1-99F065822F4D}.Release|Any CPU.ActiveCfg = Release|Any CPU
		{713BA3A8-435E-499D-B8E1-99F065822F4D}.Release|Any CPU.Build.0 = Release|Any CPU
		{CD329A4A-6E61-4212-9046-19E105DDBD26}.Debug|Any CPU.ActiveCfg = Debug|Any CPU
		{CD329A4A-6E61-4212-9046-19E105DDBD26}.Debug|Any CPU.Build.0 = Debug|Any CPU
		{CD329A4A-6E61-4212-9046-19E105DDBD26}.Release|Any CPU.ActiveCfg = Release|Any CPU
		{CD329A4A-6E61-4212-9046-19E105DDBD26}.Release|Any CPU.Build.0 = Release|Any CPU
		{E8C74E20-D2C5-4F37-86F0-FAD07D4EC57A}.Debug|Any CPU.ActiveCfg = Debug|Any CPU
		{E8C74E20-D2C5-4F37-86F0-FAD07D4EC57A}.Debug|Any CPU.Build.0 = Debug|Any CPU
		{E8C74E20-D2C5-4F37-86F0-FAD07D4EC57A}.Release|Any CPU.ActiveCfg = Release|Any CPU
		{E8C74E20-D2C5-4F37-86F0-FAD07D4EC57A}.Release|Any CPU.Build.0 = Release|Any CPU
		{BA2986DE-68C1-480A-A387-3F6F76D233B2}.Debug|Any CPU.ActiveCfg = Debug|Any CPU
		{BA2986DE-68C1-480A-A387-3F6F76D233B2}.Debug|Any CPU.Build.0 = Debug|Any CPU
		{BA2986DE-68C1-480A-A387-3F6F76D233B2}.Release|Any CPU.ActiveCfg = Release|Any CPU
		{BA2986DE-68C1-480A-A387-3F6F76D233B2}.Release|Any CPU.Build.0 = Release|Any CPU
		{2293CFFD-6544-49DB-80CA-22698D4690AD}.Debug|Any CPU.ActiveCfg = Debug|Any CPU
		{2293CFFD-6544-49DB-80CA-22698D4690AD}.Debug|Any CPU.Build.0 = Debug|Any CPU
		{2293CFFD-6544-49DB-80CA-22698D4690AD}.Release|Any CPU.ActiveCfg = Release|Any CPU
		{2293CFFD-6544-49DB-80CA-22698D4690AD}.Release|Any CPU.Build.0 = Release|Any CPU
		{DA5C4060-47AB-46CA-A7A9-DC94E489FEA9}.Debug|Any CPU.ActiveCfg = Debug|Any CPU
		{DA5C4060-47AB-46CA-A7A9-DC94E489FEA9}.Debug|Any CPU.Build.0 = Debug|Any CPU
		{DA5C4060-47AB-46CA-A7A9-DC94E489FEA9}.Release|Any CPU.ActiveCfg = Release|Any CPU
		{DA5C4060-47AB-46CA-A7A9-DC94E489FEA9}.Release|Any CPU.Build.0 = Release|Any CPU
		{CB0FA427-CD57-436D-91FD-B0B34CA8C1B8}.Debug|Any CPU.ActiveCfg = Debug|Any CPU
		{CB0FA427-CD57-436D-91FD-B0B34CA8C1B8}.Debug|Any CPU.Build.0 = Debug|Any CPU
		{CB0FA427-CD57-436D-91FD-B0B34CA8C1B8}.Release|Any CPU.ActiveCfg = Release|Any CPU
		{CB0FA427-CD57-436D-91FD-B0B34CA8C1B8}.Release|Any CPU.Build.0 = Release|Any CPU
		{B9EEB62B-5396-4B02-BC4B-D790000EB504}.Debug|Any CPU.ActiveCfg = Debug|Any CPU
		{B9EEB62B-5396-4B02-BC4B-D790000EB504}.Debug|Any CPU.Build.0 = Debug|Any CPU
		{B9EEB62B-5396-4B02-BC4B-D790000EB504}.Release|Any CPU.ActiveCfg = Release|Any CPU
		{B9EEB62B-5396-4B02-BC4B-D790000EB504}.Release|Any CPU.Build.0 = Release|Any CPU
		{ED90F81B-3936-4AA2-A95D-A94AD664CC75}.Debug|Any CPU.ActiveCfg = Debug|Any CPU
		{ED90F81B-3936-4AA2-A95D-A94AD664CC75}.Debug|Any CPU.Build.0 = Debug|Any CPU
		{ED90F81B-3936-4AA2-A95D-A94AD664CC75}.Release|Any CPU.ActiveCfg = Release|Any CPU
		{ED90F81B-3936-4AA2-A95D-A94AD664CC75}.Release|Any CPU.Build.0 = Release|Any CPU
		{20422089-1416-431F-8559-72183872BC00}.Debug|Any CPU.ActiveCfg = Debug|Any CPU
		{20422089-1416-431F-8559-72183872BC00}.Debug|Any CPU.Build.0 = Debug|Any CPU
		{20422089-1416-431F-8559-72183872BC00}.Release|Any CPU.ActiveCfg = Release|Any CPU
		{20422089-1416-431F-8559-72183872BC00}.Release|Any CPU.Build.0 = Release|Any CPU
		{02EEFD15-B7EA-450E-AA93-BD4C0D173D5C}.Debug|Any CPU.ActiveCfg = Debug|Any CPU
		{02EEFD15-B7EA-450E-AA93-BD4C0D173D5C}.Debug|Any CPU.Build.0 = Debug|Any CPU
		{02EEFD15-B7EA-450E-AA93-BD4C0D173D5C}.Release|Any CPU.ActiveCfg = Release|Any CPU
		{02EEFD15-B7EA-450E-AA93-BD4C0D173D5C}.Release|Any CPU.Build.0 = Release|Any CPU
		{433AB821-BD85-4846-9DF0-376515C60CF4}.Debug|Any CPU.ActiveCfg = Debug|Any CPU
		{433AB821-BD85-4846-9DF0-376515C60CF4}.Debug|Any CPU.Build.0 = Debug|Any CPU
		{433AB821-BD85-4846-9DF0-376515C60CF4}.Release|Any CPU.ActiveCfg = Release|Any CPU
		{433AB821-BD85-4846-9DF0-376515C60CF4}.Release|Any CPU.Build.0 = Release|Any CPU
		{632E9FB7-8D53-4130-BEE3-409B3C7084E7}.Debug|Any CPU.ActiveCfg = Debug|Any CPU
		{632E9FB7-8D53-4130-BEE3-409B3C7084E7}.Debug|Any CPU.Build.0 = Debug|Any CPU
		{632E9FB7-8D53-4130-BEE3-409B3C7084E7}.Release|Any CPU.ActiveCfg = Release|Any CPU
		{632E9FB7-8D53-4130-BEE3-409B3C7084E7}.Release|Any CPU.Build.0 = Release|Any CPU
		{5B069211-65AC-4010-868F-A10CB32C82B2}.Debug|Any CPU.ActiveCfg = Debug|Any CPU
		{5B069211-65AC-4010-868F-A10CB32C82B2}.Debug|Any CPU.Build.0 = Debug|Any CPU
		{5B069211-65AC-4010-868F-A10CB32C82B2}.Release|Any CPU.ActiveCfg = Release|Any CPU
		{5B069211-65AC-4010-868F-A10CB32C82B2}.Release|Any CPU.Build.0 = Release|Any CPU
		{0890FA91-0162-43F1-B5D0-2C023EED1AB9}.Debug|Any CPU.ActiveCfg = Debug|Any CPU
		{0890FA91-0162-43F1-B5D0-2C023EED1AB9}.Debug|Any CPU.Build.0 = Debug|Any CPU
		{0890FA91-0162-43F1-B5D0-2C023EED1AB9}.Release|Any CPU.ActiveCfg = Release|Any CPU
		{0890FA91-0162-43F1-B5D0-2C023EED1AB9}.Release|Any CPU.Build.0 = Release|Any CPU
		{F8B96946-9DFD-4A7F-807E-5FB6D2BB25DA}.Debug|Any CPU.ActiveCfg = Debug|Any CPU
		{F8B96946-9DFD-4A7F-807E-5FB6D2BB25DA}.Debug|Any CPU.Build.0 = Debug|Any CPU
		{F8B96946-9DFD-4A7F-807E-5FB6D2BB25DA}.Release|Any CPU.ActiveCfg = Release|Any CPU
		{F8B96946-9DFD-4A7F-807E-5FB6D2BB25DA}.Release|Any CPU.Build.0 = Release|Any CPU
		{9DB081F8-C765-45BB-BD84-0F3E9B93AEC6}.Debug|Any CPU.ActiveCfg = Debug|Any CPU
		{9DB081F8-C765-45BB-BD84-0F3E9B93AEC6}.Debug|Any CPU.Build.0 = Debug|Any CPU
		{9DB081F8-C765-45BB-BD84-0F3E9B93AEC6}.Release|Any CPU.ActiveCfg = Release|Any CPU
		{9DB081F8-C765-45BB-BD84-0F3E9B93AEC6}.Release|Any CPU.Build.0 = Release|Any CPU
		{AC569965-31C1-4888-8585-12E378FB896F}.Debug|Any CPU.ActiveCfg = Debug|Any CPU
		{AC569965-31C1-4888-8585-12E378FB896F}.Debug|Any CPU.Build.0 = Debug|Any CPU
		{AC569965-31C1-4888-8585-12E378FB896F}.Release|Any CPU.ActiveCfg = Release|Any CPU
		{AC569965-31C1-4888-8585-12E378FB896F}.Release|Any CPU.Build.0 = Release|Any CPU
		{1765FF35-86CD-43F8-83F2-FECD78009EA8}.Debug|Any CPU.ActiveCfg = Debug|Any CPU
		{1765FF35-86CD-43F8-83F2-FECD78009EA8}.Debug|Any CPU.Build.0 = Debug|Any CPU
		{1765FF35-86CD-43F8-83F2-FECD78009EA8}.Release|Any CPU.ActiveCfg = Release|Any CPU
		{1765FF35-86CD-43F8-83F2-FECD78009EA8}.Release|Any CPU.Build.0 = Release|Any CPU
		{D1957DE0-2C21-4F74-A0FF-A5371B275740}.Debug|Any CPU.ActiveCfg = Debug|Any CPU
		{D1957DE0-2C21-4F74-A0FF-A5371B275740}.Debug|Any CPU.Build.0 = Debug|Any CPU
		{D1957DE0-2C21-4F74-A0FF-A5371B275740}.Release|Any CPU.ActiveCfg = Release|Any CPU
		{D1957DE0-2C21-4F74-A0FF-A5371B275740}.Release|Any CPU.Build.0 = Release|Any CPU
		{634016EC-07AE-4683-807A-693128A6E983}.Debug|Any CPU.ActiveCfg = Debug|Any CPU
		{634016EC-07AE-4683-807A-693128A6E983}.Debug|Any CPU.Build.0 = Debug|Any CPU
		{634016EC-07AE-4683-807A-693128A6E983}.Release|Any CPU.ActiveCfg = Release|Any CPU
		{634016EC-07AE-4683-807A-693128A6E983}.Release|Any CPU.Build.0 = Release|Any CPU
		{CC463B75-7D20-43E3-876C-F545B4991096}.Debug|Any CPU.ActiveCfg = Debug|Any CPU
		{CC463B75-7D20-43E3-876C-F545B4991096}.Debug|Any CPU.Build.0 = Debug|Any CPU
		{CC463B75-7D20-43E3-876C-F545B4991096}.Release|Any CPU.ActiveCfg = Release|Any CPU
		{CC463B75-7D20-43E3-876C-F545B4991096}.Release|Any CPU.Build.0 = Release|Any CPU
		{6D4E8FE4-9A97-45D1-9B7A-F9D1346D7BA1}.Debug|Any CPU.ActiveCfg = Debug|Any CPU
		{6D4E8FE4-9A97-45D1-9B7A-F9D1346D7BA1}.Debug|Any CPU.Build.0 = Debug|Any CPU
		{6D4E8FE4-9A97-45D1-9B7A-F9D1346D7BA1}.Release|Any CPU.ActiveCfg = Release|Any CPU
		{6D4E8FE4-9A97-45D1-9B7A-F9D1346D7BA1}.Release|Any CPU.Build.0 = Release|Any CPU
		{F92A4566-5D4D-43CF-8448-44B179AED354}.Debug|Any CPU.ActiveCfg = Debug|Any CPU
		{F92A4566-5D4D-43CF-8448-44B179AED354}.Debug|Any CPU.Build.0 = Debug|Any CPU
		{F92A4566-5D4D-43CF-8448-44B179AED354}.Release|Any CPU.ActiveCfg = Release|Any CPU
		{F92A4566-5D4D-43CF-8448-44B179AED354}.Release|Any CPU.Build.0 = Release|Any CPU
		{E9A6443C-60A9-442C-974A-2F06402BDA8B}.Debug|Any CPU.ActiveCfg = Debug|Any CPU
		{E9A6443C-60A9-442C-974A-2F06402BDA8B}.Debug|Any CPU.Build.0 = Debug|Any CPU
		{E9A6443C-60A9-442C-974A-2F06402BDA8B}.Release|Any CPU.ActiveCfg = Release|Any CPU
		{E9A6443C-60A9-442C-974A-2F06402BDA8B}.Release|Any CPU.Build.0 = Release|Any CPU
		{0952ABC4-ED2B-48D0-A15F-6D9A2961C392}.Debug|Any CPU.ActiveCfg = Debug|Any CPU
		{0952ABC4-ED2B-48D0-A15F-6D9A2961C392}.Debug|Any CPU.Build.0 = Debug|Any CPU
		{0952ABC4-ED2B-48D0-A15F-6D9A2961C392}.Release|Any CPU.ActiveCfg = Release|Any CPU
		{0952ABC4-ED2B-48D0-A15F-6D9A2961C392}.Release|Any CPU.Build.0 = Release|Any CPU
		{0EF5E0F4-55F5-4538-B80D-9DDD73DD44E2}.Debug|Any CPU.ActiveCfg = Debug|Any CPU
		{0EF5E0F4-55F5-4538-B80D-9DDD73DD44E2}.Debug|Any CPU.Build.0 = Debug|Any CPU
		{0EF5E0F4-55F5-4538-B80D-9DDD73DD44E2}.Release|Any CPU.ActiveCfg = Release|Any CPU
		{0EF5E0F4-55F5-4538-B80D-9DDD73DD44E2}.Release|Any CPU.Build.0 = Release|Any CPU
		{DDD89152-6225-4B23-A7C0-D5FAA5B14393}.Debug|Any CPU.ActiveCfg = Debug|Any CPU
		{DDD89152-6225-4B23-A7C0-D5FAA5B14393}.Debug|Any CPU.Build.0 = Debug|Any CPU
		{DDD89152-6225-4B23-A7C0-D5FAA5B14393}.Release|Any CPU.ActiveCfg = Release|Any CPU
		{DDD89152-6225-4B23-A7C0-D5FAA5B14393}.Release|Any CPU.Build.0 = Release|Any CPU
		{B0A62572-B598-46F6-97DA-9F847167C908}.Debug|Any CPU.ActiveCfg = Debug|Any CPU
		{B0A62572-B598-46F6-97DA-9F847167C908}.Debug|Any CPU.Build.0 = Debug|Any CPU
		{B0A62572-B598-46F6-97DA-9F847167C908}.Release|Any CPU.ActiveCfg = Release|Any CPU
		{B0A62572-B598-46F6-97DA-9F847167C908}.Release|Any CPU.Build.0 = Release|Any CPU
		{73035F8D-8B1F-4D67-A922-7F1C95D719E4}.Debug|Any CPU.ActiveCfg = Debug|Any CPU
		{73035F8D-8B1F-4D67-A922-7F1C95D719E4}.Debug|Any CPU.Build.0 = Debug|Any CPU
		{73035F8D-8B1F-4D67-A922-7F1C95D719E4}.Release|Any CPU.ActiveCfg = Release|Any CPU
		{73035F8D-8B1F-4D67-A922-7F1C95D719E4}.Release|Any CPU.Build.0 = Release|Any CPU
		{6F65FD8B-848D-4E82-A1A0-9866156C1E69}.Debug|Any CPU.ActiveCfg = Debug|Any CPU
		{6F65FD8B-848D-4E82-A1A0-9866156C1E69}.Debug|Any CPU.Build.0 = Debug|Any CPU
		{6F65FD8B-848D-4E82-A1A0-9866156C1E69}.Release|Any CPU.ActiveCfg = Release|Any CPU
		{6F65FD8B-848D-4E82-A1A0-9866156C1E69}.Release|Any CPU.Build.0 = Release|Any CPU
		{70D1D737-5C46-42A0-A316-A49AD8D952A4}.Debug|Any CPU.ActiveCfg = Debug|Any CPU
		{70D1D737-5C46-42A0-A316-A49AD8D952A4}.Debug|Any CPU.Build.0 = Debug|Any CPU
		{70D1D737-5C46-42A0-A316-A49AD8D952A4}.Release|Any CPU.ActiveCfg = Release|Any CPU
		{70D1D737-5C46-42A0-A316-A49AD8D952A4}.Release|Any CPU.Build.0 = Release|Any CPU
		{FBDF58EB-7CAD-4209-85C2-53EBEA45B3C0}.Debug|Any CPU.ActiveCfg = Debug|Any CPU
		{FBDF58EB-7CAD-4209-85C2-53EBEA45B3C0}.Debug|Any CPU.Build.0 = Debug|Any CPU
		{FBDF58EB-7CAD-4209-85C2-53EBEA45B3C0}.Release|Any CPU.ActiveCfg = Release|Any CPU
		{FBDF58EB-7CAD-4209-85C2-53EBEA45B3C0}.Release|Any CPU.Build.0 = Release|Any CPU
		{C128D0A1-C741-487F-93D4-237849ECF726}.Debug|Any CPU.ActiveCfg = Debug|Any CPU
		{C128D0A1-C741-487F-93D4-237849ECF726}.Debug|Any CPU.Build.0 = Debug|Any CPU
		{C128D0A1-C741-487F-93D4-237849ECF726}.Release|Any CPU.ActiveCfg = Release|Any CPU
		{C128D0A1-C741-487F-93D4-237849ECF726}.Release|Any CPU.Build.0 = Release|Any CPU
	EndGlobalSection
	GlobalSection(SolutionProperties) = preSolution
		HideSolutionNode = FALSE
	EndGlobalSection
	GlobalSection(NestedProjects) = preSolution
		{5CE7AFBF-9D8B-4A03-9275-5922A3D40D72} = {10FB6DD2-DC99-4487-991E-1362F7678002}
		{C86A75B2-B66E-4CC0-8FE8-E6BA3C0E6E41} = {10FB6DD2-DC99-4487-991E-1362F7678002}
		{E8FF8537-8C4A-495B-9D99-754A380F5BB6} = {10FB6DD2-DC99-4487-991E-1362F7678002}
		{36826B8E-FC1A-45AA-94A1-21B5ED2E0891} = {10FB6DD2-DC99-4487-991E-1362F7678002}
		{EE20CCD7-CA40-4579-B77C-D199D8ADE658} = {10FB6DD2-DC99-4487-991E-1362F7678002}
		{59E6FB1E-6FC9-42D6-9DD2-2384095C34E0} = {10FB6DD2-DC99-4487-991E-1362F7678002}
		{A2D0A9E5-C217-4F80-A1C2-B0688C76F919} = {D150644F-B139-4BD4-83DE-310D17EFB38F}
		{2FE7A488-DCB7-4164-8870-195A9DD4A3D0} = {D150644F-B139-4BD4-83DE-310D17EFB38F}
		{781CDD50-2272-4533-BE92-030B0EC79157} = {D150644F-B139-4BD4-83DE-310D17EFB38F}
		{21B88FC0-5CB7-4E68-9F52-C19D5A2CCDB1} = {D150644F-B139-4BD4-83DE-310D17EFB38F}
		{41ADB3B1-E04F-4303-AC89-D1246BA6D0D8} = {D150644F-B139-4BD4-83DE-310D17EFB38F}
		{14EA27C0-5DB9-45CF-AA29-6D52B567EDB9} = {D150644F-B139-4BD4-83DE-310D17EFB38F}
		{D5FCEB14-BFEA-4CB8-B43F-A3745268D4CC} = {D150644F-B139-4BD4-83DE-310D17EFB38F}
		{752EA3DA-4902-4571-8305-367DA3385593} = {34B83A6F-0747-4312-961F-C716AF48BE8F}
		{C89ED85B-DD9A-4B76-B1EC-A5341650D3FC} = {34B83A6F-0747-4312-961F-C716AF48BE8F}
		{BAA17998-C4A7-4BF7-93A8-F99A4DBA5CA5} = {34B83A6F-0747-4312-961F-C716AF48BE8F}
		{3C8A603B-876A-46F0-9747-5654DA57D334} = {34B83A6F-0747-4312-961F-C716AF48BE8F}
		{E01F4C62-8612-4119-9B42-8B0FF427A35B} = {34B83A6F-0747-4312-961F-C716AF48BE8F}
		{752DA96F-20B5-4735-820F-8E8AD66C3910} = {34B83A6F-0747-4312-961F-C716AF48BE8F}
		{EDF13FD8-E748-47A7-A150-AB3683926E43} = {34B83A6F-0747-4312-961F-C716AF48BE8F}
		{826ECD4D-1031-46B2-BA41-8C0B063B80F0} = {34B83A6F-0747-4312-961F-C716AF48BE8F}
		{FBDB9601-2DBF-4995-ADAB-FB5C0A2668D3} = {34B83A6F-0747-4312-961F-C716AF48BE8F}
		{B158406C-C458-47A6-B705-86809DA51FC8} = {34B83A6F-0747-4312-961F-C716AF48BE8F}
		{589266C4-258C-4C77-9C91-B83C4285A970} = {34B83A6F-0747-4312-961F-C716AF48BE8F}
		{245F67B8-4EA9-4BD9-9C66-B7FDC74836FA} = {5CE7AFBF-9D8B-4A03-9275-5922A3D40D72}
		{02EEFD15-B7EA-450E-AA93-BD4C0D173D5C} = {5CE7AFBF-9D8B-4A03-9275-5922A3D40D72}
		{07492CA4-F9D7-4237-ABB7-18A62E308289} = {C86A75B2-B66E-4CC0-8FE8-E6BA3C0E6E41}
		{632E9FB7-8D53-4130-BEE3-409B3C7084E7} = {C86A75B2-B66E-4CC0-8FE8-E6BA3C0E6E41}
		{50298F40-7FDA-494B-920E-A7DFBA6F79B8} = {E8FF8537-8C4A-495B-9D99-754A380F5BB6}
		{F8B96946-9DFD-4A7F-807E-5FB6D2BB25DA} = {E8FF8537-8C4A-495B-9D99-754A380F5BB6}
		{2B386C86-DF5C-4CE5-9550-6ABC412571D1} = {36826B8E-FC1A-45AA-94A1-21B5ED2E0891}
		{433AB821-BD85-4846-9DF0-376515C60CF4} = {36826B8E-FC1A-45AA-94A1-21B5ED2E0891}
		{6E49EF98-4906-4E70-A4CF-5CAC60B0CEC4} = {EE20CCD7-CA40-4579-B77C-D199D8ADE658}
		{0890FA91-0162-43F1-B5D0-2C023EED1AB9} = {EE20CCD7-CA40-4579-B77C-D199D8ADE658}
		{515D14B0-ABC5-4B2D-AC5C-1EF8A50E957C} = {59E6FB1E-6FC9-42D6-9DD2-2384095C34E0}
		{5B069211-65AC-4010-868F-A10CB32C82B2} = {59E6FB1E-6FC9-42D6-9DD2-2384095C34E0}
		{E5A60430-8C94-414B-94E5-A410D93A4C47} = {A2D0A9E5-C217-4F80-A1C2-B0688C76F919}
		{9DB081F8-C765-45BB-BD84-0F3E9B93AEC6} = {A2D0A9E5-C217-4F80-A1C2-B0688C76F919}
		{53C95ECD-2EB1-42FE-9EA8-30E916EDB28D} = {2FE7A488-DCB7-4164-8870-195A9DD4A3D0}
		{AC569965-31C1-4888-8585-12E378FB896F} = {2FE7A488-DCB7-4164-8870-195A9DD4A3D0}
		{18DF6977-5C9B-4D3E-84C5-A62A1FED15B8} = {781CDD50-2272-4533-BE92-030B0EC79157}
		{1765FF35-86CD-43F8-83F2-FECD78009EA8} = {781CDD50-2272-4533-BE92-030B0EC79157}
		{1B949C7F-F503-4A9B-90E1-720FB98B8B06} = {21B88FC0-5CB7-4E68-9F52-C19D5A2CCDB1}
		{D1957DE0-2C21-4F74-A0FF-A5371B275740} = {21B88FC0-5CB7-4E68-9F52-C19D5A2CCDB1}
		{C423A19A-8795-4AF8-8410-B46AE7A0F2E6} = {41ADB3B1-E04F-4303-AC89-D1246BA6D0D8}
		{634016EC-07AE-4683-807A-693128A6E983} = {41ADB3B1-E04F-4303-AC89-D1246BA6D0D8}
		{53FC8398-9CE8-408B-9713-BDB9BB928318} = {14EA27C0-5DB9-45CF-AA29-6D52B567EDB9}
		{57B54D64-C082-47C8-B5F7-0D522426AE88} = {D5FCEB14-BFEA-4CB8-B43F-A3745268D4CC}
		{CC463B75-7D20-43E3-876C-F545B4991096} = {D5FCEB14-BFEA-4CB8-B43F-A3745268D4CC}
		{A401FE32-A9DB-407D-B7E4-0B2FF5CDD91E} = {752EA3DA-4902-4571-8305-367DA3385593}
		{6D4E8FE4-9A97-45D1-9B7A-F9D1346D7BA1} = {752EA3DA-4902-4571-8305-367DA3385593}
		{713BA3A8-435E-499D-B8E1-99F065822F4D} = {C89ED85B-DD9A-4B76-B1EC-A5341650D3FC}
		{F92A4566-5D4D-43CF-8448-44B179AED354} = {C89ED85B-DD9A-4B76-B1EC-A5341650D3FC}
		{CD329A4A-6E61-4212-9046-19E105DDBD26} = {BAA17998-C4A7-4BF7-93A8-F99A4DBA5CA5}
		{E8C74E20-D2C5-4F37-86F0-FAD07D4EC57A} = {3C8A603B-876A-46F0-9747-5654DA57D334}
		{E9A6443C-60A9-442C-974A-2F06402BDA8B} = {3C8A603B-876A-46F0-9747-5654DA57D334}
		{BA2986DE-68C1-480A-A387-3F6F76D233B2} = {E01F4C62-8612-4119-9B42-8B0FF427A35B}
		{0952ABC4-ED2B-48D0-A15F-6D9A2961C392} = {E01F4C62-8612-4119-9B42-8B0FF427A35B}
		{2293CFFD-6544-49DB-80CA-22698D4690AD} = {752DA96F-20B5-4735-820F-8E8AD66C3910}
		{0EF5E0F4-55F5-4538-B80D-9DDD73DD44E2} = {752DA96F-20B5-4735-820F-8E8AD66C3910}
		{DA5C4060-47AB-46CA-A7A9-DC94E489FEA9} = {EDF13FD8-E748-47A7-A150-AB3683926E43}
		{DDD89152-6225-4B23-A7C0-D5FAA5B14393} = {EDF13FD8-E748-47A7-A150-AB3683926E43}
		{CB0FA427-CD57-436D-91FD-B0B34CA8C1B8} = {826ECD4D-1031-46B2-BA41-8C0B063B80F0}
		{B0A62572-B598-46F6-97DA-9F847167C908} = {826ECD4D-1031-46B2-BA41-8C0B063B80F0}
		{B9EEB62B-5396-4B02-BC4B-D790000EB504} = {FBDB9601-2DBF-4995-ADAB-FB5C0A2668D3}
		{73035F8D-8B1F-4D67-A922-7F1C95D719E4} = {FBDB9601-2DBF-4995-ADAB-FB5C0A2668D3}
		{ED90F81B-3936-4AA2-A95D-A94AD664CC75} = {B158406C-C458-47A6-B705-86809DA51FC8}
		{6F65FD8B-848D-4E82-A1A0-9866156C1E69} = {B158406C-C458-47A6-B705-86809DA51FC8}
		{20422089-1416-431F-8559-72183872BC00} = {589266C4-258C-4C77-9C91-B83C4285A970}
		{70D1D737-5C46-42A0-A316-A49AD8D952A4} = {589266C4-258C-4C77-9C91-B83C4285A970}
		{9380B61D-A30A-4128-9E08-FE51D14F39D0} = {A04AC01B-0EB8-4C17-9E4E-E672FD793FC7}
		{FBDF58EB-7CAD-4209-85C2-53EBEA45B3C0} = {9380B61D-A30A-4128-9E08-FE51D14F39D0}
		{C128D0A1-C741-487F-93D4-237849ECF726} = {9380B61D-A30A-4128-9E08-FE51D14F39D0}
	EndGlobalSection
EndGlobal
